{"version":4,"terraform_version":"1.10.3","serial":79,"lineage":"63347ea7-7868-7eda-f05b-7b2f5805cdc0","outputs":{},"resources":[{"mode":"data","type":"template_file","name":"cloudinit","provider":"provider[\"registry.opentofu.org/hashicorp/template\"]","instances":[{"schema_version":0,"attributes":{"filename":null,"id":"78830369915eb14f0eb474632c4adccb4a64e3ac75c68be24b1e8d033f490f18","rendered":"#cloud-config\n#https://cloudinit.readthedocs.io/en/latest/reference/examples.html\n\nmanage_etc_hosts: true\npackage_update: true\npackage_upgrade: true\n\nhostname: cloudinit_server\nfqdn: cloudinit_server.devops-infra.local\npreserve_hostname: false\n\nssh_pwauth: true\nusers: \n   - name: patrick\n     sudo: ALL=(ALL) NOPASSWD:ALL\n     groups: users, admin\n     home: /home/patrick\n     shell: /bin/bash\n     lock_passwd: false\n     passwd: $6$lVRqiAwCHdiky0Vp$WdiRM0VToJKGPXSvj1ioRirRBYHB7tJADEzPOfRyG1PfVOiR.lmvzPf4n0W5vFxqONqxpcrtYd0hEAxJuT2xX0\n     ssh_authorized_keys: \n       - ssh-rsa AAAAB3NzaC1yc2EAAAADAQABAAABgQCsMMYnVlyZIOfBxzGB49EMxIYNFuR4sNYrAxCkVg02Gxjpq590agQYesmjcKJkjnZPr5kQrQwdZU7XZoGgRY2y//H0Uo9IB7NtcKb6oUjqJzL76pEQ75FSAazKosIJgoFj7YDpoQpgaVmwOUg37QCtlTxUNbFAMmo8sw1FNUCIHeZbfK805LPPys8rRpw5+feX68EkpSx5PTL79BgD7c4MRbaK55kJEZJVgeCUv6yx0692D8os0FDI1oMG3pH080WcMlKQoqF5T/6INNt7pQVsS1m8ix4mifaki1QAZg/MpLmqkm2u+pHeLgFrDYRwahIu2pzhza5/nifkvltsgL4iDWO7Dd/kUHDowoImfgkAa6fPi7AEkid2aKv7UMUYQYQZMipEfhckYuwhpBqh8C+BAXvke3YPckJnmVbS3JbErHTdgmNXNdvnou0acnUxBxIfv6jlE3xEen2FihD9ruCAHSp1tvQhuhO2meo2pPgl7Z/vK/QQi21EBdvrQckwl5M= patrick@patrick-ubuntu-legion\n    \n\npackages: \n   - python3\n   - python3-pip\n   - apache2-utils\n   - vim\n   - docker.io\n   - eatmydata\n   - cockpit\n   - cockpit-machines\n   - fail2ban\n   - ufw\n   - htop\n   - iftop\n   - nmap\n   - net-tools\n   - curl\n   - wget\n   - unzip\n   - gnupg\n   - ca-certificates\n   - jq\n   - nginx\n\nruncmd: \n   - systemctl enable docker\n   - systemctl start docker\n   - systemctl enable cockpit.socket\n   - systemctl start cockpit.socket\n   - ufw allow 22\n   - ufw allow 9090\n   - ufw allow 80\n   - ufw allow 443\n   - ufw enable\n   - echo 'Install Traefik...'\n   - curl -sL https://raw.githubusercontent.com/traefik/traefik/v2.11/docs/content/reference/static-configuration/file.md -o /etc/traefik/traefik.yml\n   - mkdir -p /etc/traefik\n   - touch /etc/traefik/acme.json\n   - chmod 600 /etc/traefik/acme.json\n   - docker run -d --name=traefik -p 8081:80 -p 443:443 -p 8080:8080 -v /var/run/docker.sock:/var/run/docker.sock -v /etc/traefik:/etc/traefik traefik:v2.11\n\n #cloud-config\ngrowpart:\n  mode: auto\n  devices: ['/']\n  ignore_growroot_disabled: false\n\nresize_rootfs: true\n\n\nfinal_message: \"VM cloudinit_server configurée et prête à l'emploi.\"\n","template":"#cloud-config\n#https://cloudinit.readthedocs.io/en/latest/reference/examples.html\n\nmanage_etc_hosts: true\npackage_update: true\npackage_upgrade: true\n\nhostname: ${hostname}\nfqdn: ${hostname}.devops-infra.local\npreserve_hostname: false\n\nssh_pwauth: ${ssh_pwauth}\nusers: \n   - name: ${username}\n     sudo: ALL=(ALL) NOPASSWD:ALL\n     groups: ${groups}\n     home: /home/${username}\n     shell: ${shell}\n     lock_passwd: ${lock_passwd}\n     passwd: ${user_password}\n     ssh_authorized_keys: \n      ${ssh_authorized_keys}\n    \n\npackages: \n ${packages_to_install}\n\nruncmd: \n ${run_command}\n\n #cloud-config\ngrowpart:\n  mode: auto\n  devices: ['/']\n  ignore_growroot_disabled: false\n\nresize_rootfs: true\n\n\nfinal_message: \"VM ${hostname} configurée et prête à l'emploi.\"\n","vars":{"groups":"users, admin","hostname":"cloudinit_server","lock_passwd":"false","packages_to_install":"  - python3\n   - python3-pip\n   - apache2-utils\n   - vim\n   - docker.io\n   - eatmydata\n   - cockpit\n   - cockpit-machines\n   - fail2ban\n   - ufw\n   - htop\n   - iftop\n   - nmap\n   - net-tools\n   - curl\n   - wget\n   - unzip\n   - gnupg\n   - ca-certificates\n   - jq\n   - nginx","run_command":"  - systemctl enable docker\n   - systemctl start docker\n   - systemctl enable cockpit.socket\n   - systemctl start cockpit.socket\n   - ufw allow 22\n   - ufw allow 9090\n   - ufw allow 80\n   - ufw allow 443\n   - ufw enable\n   - echo 'Install Traefik...'\n   - curl -sL https://raw.githubusercontent.com/traefik/traefik/v2.11/docs/content/reference/static-configuration/file.md -o /etc/traefik/traefik.yml\n   - mkdir -p /etc/traefik\n   - touch /etc/traefik/acme.json\n   - chmod 600 /etc/traefik/acme.json\n   - docker run -d --name=traefik -p 8081:80 -p 443:443 -p 8080:8080 -v /var/run/docker.sock:/var/run/docker.sock -v /etc/traefik:/etc/traefik traefik:v2.11","shell":"/bin/bash","ssh_authorized_keys":" - ssh-rsa AAAAB3NzaC1yc2EAAAADAQABAAABgQCsMMYnVlyZIOfBxzGB49EMxIYNFuR4sNYrAxCkVg02Gxjpq590agQYesmjcKJkjnZPr5kQrQwdZU7XZoGgRY2y//H0Uo9IB7NtcKb6oUjqJzL76pEQ75FSAazKosIJgoFj7YDpoQpgaVmwOUg37QCtlTxUNbFAMmo8sw1FNUCIHeZbfK805LPPys8rRpw5+feX68EkpSx5PTL79BgD7c4MRbaK55kJEZJVgeCUv6yx0692D8os0FDI1oMG3pH080WcMlKQoqF5T/6INNt7pQVsS1m8ix4mifaki1QAZg/MpLmqkm2u+pHeLgFrDYRwahIu2pzhza5/nifkvltsgL4iDWO7Dd/kUHDowoImfgkAa6fPi7AEkid2aKv7UMUYQYQZMipEfhckYuwhpBqh8C+BAXvke3YPckJnmVbS3JbErHTdgmNXNdvnou0acnUxBxIfv6jlE3xEen2FihD9ruCAHSp1tvQhuhO2meo2pPgl7Z/vK/QQi21EBdvrQckwl5M= patrick@patrick-ubuntu-legion","ssh_pwauth":"true","user_password":"$6$lVRqiAwCHdiky0Vp$WdiRM0VToJKGPXSvj1ioRirRBYHB7tJADEzPOfRyG1PfVOiR.lmvzPf4n0W5vFxqONqxpcrtYd0hEAxJuT2xX0","username":"patrick"}},"sensitive_attributes":[]}]},{"mode":"managed","type":"libvirt_cloudinit_disk","name":"cloudinit","provider":"provider[\"registry.opentofu.org/dmacvicar/libvirt\"]","instances":[{"schema_version":0,"attributes":{"id":"/var/lib/libvirt/images/cloudinit_server-cloudinit.qcow2;79fb4ec7-a771-4a89-9676-2ced8bfe975d","meta_data":"","name":"cloudinit_server-cloudinit.qcow2","network_config":"","pool":"default","user_data":"#cloud-config\n#https://cloudinit.readthedocs.io/en/latest/reference/examples.html\n\nmanage_etc_hosts: true\npackage_update: true\npackage_upgrade: true\n\nhostname: cloudinit_server\nfqdn: cloudinit_server.devops-infra.local\npreserve_hostname: false\n\nssh_pwauth: true\nusers: \n   - name: patrick\n     sudo: ALL=(ALL) NOPASSWD:ALL\n     groups: users, admin\n     home: /home/patrick\n     shell: /bin/bash\n     lock_passwd: false\n     passwd: $6$lVRqiAwCHdiky0Vp$WdiRM0VToJKGPXSvj1ioRirRBYHB7tJADEzPOfRyG1PfVOiR.lmvzPf4n0W5vFxqONqxpcrtYd0hEAxJuT2xX0\n     ssh_authorized_keys: \n       - ssh-rsa AAAAB3NzaC1yc2EAAAADAQABAAABgQCsMMYnVlyZIOfBxzGB49EMxIYNFuR4sNYrAxCkVg02Gxjpq590agQYesmjcKJkjnZPr5kQrQwdZU7XZoGgRY2y//H0Uo9IB7NtcKb6oUjqJzL76pEQ75FSAazKosIJgoFj7YDpoQpgaVmwOUg37QCtlTxUNbFAMmo8sw1FNUCIHeZbfK805LPPys8rRpw5+feX68EkpSx5PTL79BgD7c4MRbaK55kJEZJVgeCUv6yx0692D8os0FDI1oMG3pH080WcMlKQoqF5T/6INNt7pQVsS1m8ix4mifaki1QAZg/MpLmqkm2u+pHeLgFrDYRwahIu2pzhza5/nifkvltsgL4iDWO7Dd/kUHDowoImfgkAa6fPi7AEkid2aKv7UMUYQYQZMipEfhckYuwhpBqh8C+BAXvke3YPckJnmVbS3JbErHTdgmNXNdvnou0acnUxBxIfv6jlE3xEen2FihD9ruCAHSp1tvQhuhO2meo2pPgl7Z/vK/QQi21EBdvrQckwl5M= patrick@patrick-ubuntu-legion\n    \n\npackages: \n   - python3\n   - python3-pip\n   - apache2-utils\n   - vim\n   - docker.io\n   - eatmydata\n   - cockpit\n   - cockpit-machines\n   - fail2ban\n   - ufw\n   - htop\n   - iftop\n   - nmap\n   - net-tools\n   - curl\n   - wget\n   - unzip\n   - gnupg\n   - ca-certificates\n   - jq\n   - nginx\n\nruncmd: \n   - systemctl enable docker\n   - systemctl start docker\n   - systemctl enable cockpit.socket\n   - systemctl start cockpit.socket\n   - ufw allow 22\n   - ufw allow 9090\n   - ufw allow 80\n   - ufw allow 443\n   - ufw enable\n   - echo 'Install Traefik...'\n   - curl -sL https://raw.githubusercontent.com/traefik/traefik/v2.11/docs/content/reference/static-configuration/file.md -o /etc/traefik/traefik.yml\n   - mkdir -p /etc/traefik\n   - touch /etc/traefik/acme.json\n   - chmod 600 /etc/traefik/acme.json\n   - docker run -d --name=traefik -p 8081:80 -p 443:443 -p 8080:8080 -v /var/run/docker.sock:/var/run/docker.sock -v /etc/traefik:/etc/traefik traefik:v2.11\n\n #cloud-config\ngrowpart:\n  mode: auto\n  devices: ['/']\n  ignore_growroot_disabled: false\n\nresize_rootfs: true\n\n\nfinal_message: \"VM cloudinit_server configurée et prête à l'emploi.\"\n"},"sensitive_attributes":[],"private":"bnVsbA==","dependencies":["data.template_file.cloudinit"]}]},{"mode":"managed","type":"libvirt_domain","name":"vm","provider":"provider[\"registry.opentofu.org/dmacvicar/libvirt\"]","instances":[{"index_key":"dev-1","schema_version":0,"attributes":{"arch":"x86_64","autostart":false,"boot_device":[],"cloudinit":"/var/lib/libvirt/images/cloudinit_server-cloudinit.qcow2;79fb4ec7-a771-4a89-9676-2ced8bfe975d","cmdline":null,"console":[{"source_host":"127.0.0.1","source_path":"","source_service":"0","target_port":"0","target_type":"serial","type":"pty"}],"coreos_ignition":null,"cpu":null,"description":"","disk":[{"block_device":"","file":"","scsi":false,"url":"","volume_id":"/var/lib/libvirt/images/disk-dev-1.qcow2","wwn":""}],"emulator":"/usr/bin/qemu-system-x86_64","filesystem":[],"firmware":null,"fw_cfg_name":"opt/com.coreos/config","graphics":[{"autoport":true,"listen_address":"127.0.0.1","listen_type":"address","type":"vnc","websocket":0}],"id":"d2d4b279-8843-449c-9b99-fe02043ce433","initrd":"","kernel":"","machine":"pc","memory":1024,"metadata":null,"name":"Server-dev-1","network_interface":[{"addresses":[],"bridge":"","hostname":"","mac":"52:54:00:A6:B3:2E","macvtap":"","network_id":"5ed2a5f6-9f14-4a4a-951b-95c4c5a6d1fb","network_name":"default","passthrough":"","private":"","vepa":"","wait_for_lease":false}],"nvram":null,"qemu_agent":false,"running":true,"timeouts":null,"tpm":[],"type":"kvm","vcpu":1,"video":[],"xml":[]},"sensitive_attributes":[],"private":"eyJlMmJmYjczMC1lY2FhLTExZTYtOGY4OC0zNDM2M2JjN2M0YzAiOnsiY3JlYXRlIjozMDAwMDAwMDAwMDB9fQ==","dependencies":["data.template_file.cloudinit","libvirt_cloudinit_disk.cloudinit","libvirt_volume.vm_disk"]},{"index_key":"preprod-1","schema_version":0,"attributes":{"arch":"x86_64","autostart":false,"boot_device":[],"cloudinit":"/var/lib/libvirt/images/cloudinit_server-cloudinit.qcow2;79fb4ec7-a771-4a89-9676-2ced8bfe975d","cmdline":null,"console":[{"source_host":"127.0.0.1","source_path":"","source_service":"0","target_port":"0","target_type":"serial","type":"pty"}],"coreos_ignition":null,"cpu":null,"description":"","disk":[{"block_device":"","file":"","scsi":false,"url":"","volume_id":"/var/lib/libvirt/images/disk-preprod-1.qcow2","wwn":""}],"emulator":"/usr/bin/qemu-system-x86_64","filesystem":[],"firmware":null,"fw_cfg_name":"opt/com.coreos/config","graphics":[{"autoport":true,"listen_address":"127.0.0.1","listen_type":"address","type":"vnc","websocket":0}],"id":"c502b0f6-9ca6-48d9-87c6-2f920f252044","initrd":"","kernel":"","machine":"pc","memory":1024,"metadata":null,"name":"Server-preprod-1","network_interface":[{"addresses":[],"bridge":"","hostname":"","mac":"52:54:00:3E:FE:42","macvtap":"","network_id":"5ed2a5f6-9f14-4a4a-951b-95c4c5a6d1fb","network_name":"default","passthrough":"","private":"","vepa":"","wait_for_lease":false}],"nvram":null,"qemu_agent":false,"running":true,"timeouts":null,"tpm":[],"type":"kvm","vcpu":1,"video":[],"xml":[]},"sensitive_attributes":[],"private":"eyJlMmJmYjczMC1lY2FhLTExZTYtOGY4OC0zNDM2M2JjN2M0YzAiOnsiY3JlYXRlIjozMDAwMDAwMDAwMDB9fQ==","dependencies":["data.template_file.cloudinit","libvirt_cloudinit_disk.cloudinit","libvirt_volume.vm_disk"]},{"index_key":"prod-1","schema_version":0,"attributes":{"arch":"x86_64","autostart":false,"boot_device":[],"cloudinit":"/var/lib/libvirt/images/cloudinit_server-cloudinit.qcow2;79fb4ec7-a771-4a89-9676-2ced8bfe975d","cmdline":null,"console":[{"source_host":"127.0.0.1","source_path":"","source_service":"0","target_port":"0","target_type":"serial","type":"pty"}],"coreos_ignition":null,"cpu":null,"description":"","disk":[{"block_device":"","file":"","scsi":false,"url":"","volume_id":"/var/lib/libvirt/images/disk-prod-1.qcow2","wwn":""}],"emulator":"/usr/bin/qemu-system-x86_64","filesystem":[],"firmware":null,"fw_cfg_name":"opt/com.coreos/config","graphics":[{"autoport":true,"listen_address":"127.0.0.1","listen_type":"address","type":"vnc","websocket":0}],"id":"9da04bb5-61e0-4498-8adb-c5c32edb8fc8","initrd":"","kernel":"","machine":"pc","memory":1024,"metadata":null,"name":"Server-prod-1","network_interface":[{"addresses":[],"bridge":"","hostname":"","mac":"52:54:00:32:1A:80","macvtap":"","network_id":"5ed2a5f6-9f14-4a4a-951b-95c4c5a6d1fb","network_name":"default","passthrough":"","private":"","vepa":"","wait_for_lease":false}],"nvram":null,"qemu_agent":false,"running":true,"timeouts":null,"tpm":[],"type":"kvm","vcpu":1,"video":[],"xml":[]},"sensitive_attributes":[],"private":"eyJlMmJmYjczMC1lY2FhLTExZTYtOGY4OC0zNDM2M2JjN2M0YzAiOnsiY3JlYXRlIjozMDAwMDAwMDAwMDB9fQ==","dependencies":["data.template_file.cloudinit","libvirt_cloudinit_disk.cloudinit","libvirt_volume.vm_disk"]},{"index_key":"prod-2","schema_version":0,"attributes":{"arch":"x86_64","autostart":false,"boot_device":[],"cloudinit":"/var/lib/libvirt/images/cloudinit_server-cloudinit.qcow2;79fb4ec7-a771-4a89-9676-2ced8bfe975d","cmdline":null,"console":[{"source_host":"127.0.0.1","source_path":"","source_service":"0","target_port":"0","target_type":"serial","type":"pty"}],"coreos_ignition":null,"cpu":null,"description":"","disk":[{"block_device":"","file":"","scsi":false,"url":"","volume_id":"/var/lib/libvirt/images/disk-prod-2.qcow2","wwn":""}],"emulator":"/usr/bin/qemu-system-x86_64","filesystem":[],"firmware":null,"fw_cfg_name":"opt/com.coreos/config","graphics":[{"autoport":true,"listen_address":"127.0.0.1","listen_type":"address","type":"vnc","websocket":0}],"id":"f34e54a7-e104-4503-b243-8754680123dc","initrd":"","kernel":"","machine":"pc","memory":1024,"metadata":null,"name":"Server-prod-2","network_interface":[{"addresses":[],"bridge":"","hostname":"","mac":"52:54:00:9A:C3:84","macvtap":"","network_id":"5ed2a5f6-9f14-4a4a-951b-95c4c5a6d1fb","network_name":"default","passthrough":"","private":"","vepa":"","wait_for_lease":false}],"nvram":null,"qemu_agent":false,"running":true,"timeouts":null,"tpm":[],"type":"kvm","vcpu":1,"video":[],"xml":[]},"sensitive_attributes":[],"private":"eyJlMmJmYjczMC1lY2FhLTExZTYtOGY4OC0zNDM2M2JjN2M0YzAiOnsiY3JlYXRlIjozMDAwMDAwMDAwMDB9fQ==","dependencies":["data.template_file.cloudinit","libvirt_cloudinit_disk.cloudinit","libvirt_volume.vm_disk"]},{"index_key":"prod-3","schema_version":0,"attributes":{"arch":"x86_64","autostart":false,"boot_device":[],"cloudinit":"/var/lib/libvirt/images/cloudinit_server-cloudinit.qcow2;79fb4ec7-a771-4a89-9676-2ced8bfe975d","cmdline":null,"console":[{"source_host":"127.0.0.1","source_path":"","source_service":"0","target_port":"0","target_type":"serial","type":"pty"}],"coreos_ignition":null,"cpu":null,"description":"","disk":[{"block_device":"","file":"","scsi":false,"url":"","volume_id":"/var/lib/libvirt/images/disk-prod-3.qcow2","wwn":""}],"emulator":"/usr/bin/qemu-system-x86_64","filesystem":[],"firmware":null,"fw_cfg_name":"opt/com.coreos/config","graphics":[{"autoport":true,"listen_address":"127.0.0.1","listen_type":"address","type":"vnc","websocket":0}],"id":"0cd56c0d-55ab-4926-aed5-b210ad51477a","initrd":"","kernel":"","machine":"pc","memory":1024,"metadata":null,"name":"Server-prod-3","network_interface":[{"addresses":[],"bridge":"","hostname":"","mac":"52:54:00:8E:69:60","macvtap":"","network_id":"5ed2a5f6-9f14-4a4a-951b-95c4c5a6d1fb","network_name":"default","passthrough":"","private":"","vepa":"","wait_for_lease":false}],"nvram":null,"qemu_agent":false,"running":true,"timeouts":null,"tpm":[],"type":"kvm","vcpu":1,"video":[],"xml":[]},"sensitive_attributes":[],"private":"eyJlMmJmYjczMC1lY2FhLTExZTYtOGY4OC0zNDM2M2JjN2M0YzAiOnsiY3JlYXRlIjozMDAwMDAwMDAwMDB9fQ==","dependencies":["data.template_file.cloudinit","libvirt_cloudinit_disk.cloudinit","libvirt_volume.vm_disk"]}]},{"mode":"managed","type":"libvirt_volume","name":"vm_disk","provider":"provider[\"registry.opentofu.org/dmacvicar/libvirt\"]","instances":[{"index_key":"dev-1","schema_version":0,"attributes":{"base_volume_id":null,"base_volume_name":null,"base_volume_pool":null,"format":"qcow2","id":"/var/lib/libvirt/images/disk-dev-1.qcow2","name":"disk-dev-1.qcow2","pool":"default","size":10737418240,"source":"./images/ubuntu-focal.img","xml":[]},"sensitive_attributes":[],"private":"bnVsbA=="},{"index_key":"preprod-1","schema_version":0,"attributes":{"base_volume_id":null,"base_volume_name":null,"base_volume_pool":null,"format":"qcow2","id":"/var/lib/libvirt/images/disk-preprod-1.qcow2","name":"disk-preprod-1.qcow2","pool":"default","size":10737418240,"source":"./images/ubuntu-focal.img","xml":[]},"sensitive_attributes":[],"private":"bnVsbA=="},{"index_key":"prod-1","schema_version":0,"attributes":{"base_volume_id":null,"base_volume_name":null,"base_volume_pool":null,"format":"qcow2","id":"/var/lib/libvirt/images/disk-prod-1.qcow2","name":"disk-prod-1.qcow2","pool":"default","size":10737418240,"source":"./images/ubuntu-focal.img","xml":[]},"sensitive_attributes":[],"private":"bnVsbA=="},{"index_key":"prod-2","schema_version":0,"attributes":{"base_volume_id":null,"base_volume_name":null,"base_volume_pool":null,"format":"qcow2","id":"/var/lib/libvirt/images/disk-prod-2.qcow2","name":"disk-prod-2.qcow2","pool":"default","size":10737418240,"source":"./images/ubuntu-focal.img","xml":[]},"sensitive_attributes":[],"private":"bnVsbA=="},{"index_key":"prod-3","schema_version":0,"attributes":{"base_volume_id":null,"base_volume_name":null,"base_volume_pool":null,"format":"qcow2","id":"/var/lib/libvirt/images/disk-prod-3.qcow2","name":"disk-prod-3.qcow2","pool":"default","size":10737418240,"source":"./images/ubuntu-focal.img","xml":[]},"sensitive_attributes":[],"private":"bnVsbA=="}]}],"check_results":null}
